{
  "nodes": {
    "disko": {
      "inputs": {
        "nixpkgs": [
          "nixpkgs"
        ]
      },
      "locked": {
        "lastModified": 1746728054,
        "narHash": "sha256-eDoSOhxGEm2PykZFa/x9QG5eTH0MJdiJ9aR00VAofXE=",
        "owner": "nix-community",
        "repo": "disko",
        "rev": "ff442f5d1425feb86344c028298548024f21256d",
        "type": "github"
      },
      "original": {
        "owner": "nix-community",
        "ref": "v1.12.0",
        "repo": "disko",
        "type": "github"
      }
    },
    "fenix": {
      "inputs": {
        "nixpkgs": [
          "nixpkgs"
        ],
        "rust-analyzer-src": "rust-analyzer-src"
      },
      "locked": {
        "lastModified": 1757400094,
        "narHash": "sha256-5Rcs6juMoMTaMJSR1glravl4QB9yLAFBD8s7KLi4kdQ=",
        "owner": "nix-community",
        "repo": "fenix",
        "rev": "0682b9b518792c9428865c511a4c40c9ad85c243",
        "type": "github"
      },
      "original": {
        "owner": "nix-community",
        "repo": "fenix",
        "type": "github"
      }
    },
    "flake-utils": {
      "inputs": {
        "systems": "systems"
      },
      "locked": {
        "lastModified": 1731533236,
        "narHash": "sha256-l0KFg5HjrsfsO/JpG+r7fRrqm12kzFHyUHqHCVpMMbI=",
        "owner": "numtide",
        "repo": "flake-utils",
        "rev": "11707dc2f618dd54ca8739b309ec4fc024de578b",
        "type": "github"
      },
      "original": {
        "owner": "numtide",
        "repo": "flake-utils",
        "type": "github"
      }
    },
    "home-manager": {
      "inputs": {
        "nixpkgs": [
          "nixpkgs"
        ]
      },
      "locked": {
        "lastModified": 1756679287,
        "narHash": "sha256-Xd1vOeY9ccDf5VtVK12yM0FS6qqvfUop8UQlxEB+gTQ=",
        "owner": "nix-community",
        "repo": "home-manager",
        "rev": "07fc025fe10487dd80f2ec694f1cd790e752d0e8",
        "type": "github"
      },
      "original": {
        "owner": "nix-community",
        "ref": "release-25.05",
        "repo": "home-manager",
        "type": "github"
      }
    },
    "nixpkgs": {
      "locked": {
        "lastModified": 1757408970,
        "narHash": "sha256-aSgK4BLNFFGvDTNKPeB28lVXYqVn8RdyXDNAvgGq+k0=",
        "owner": "NixOS",
        "repo": "nixpkgs",
        "rev": "d179d77c139e0a3f5c416477f7747e9d6b7ec315",
        "type": "github"
      },
      "original": {
        "owner": "NixOS",
        "ref": "nixos-25.05",
        "repo": "nixpkgs",
        "type": "github"
      }
    },
    "nixpkgs-23_11": {
      "locked": {
        "lastModified": 1716633019,
        "narHash": "sha256-xim1b5/HZYbWaZKyI7cn9TJCM6ewNVZnesRr00mXeS4=",
        "owner": "NixOS",
        "repo": "nixpkgs",
        "rev": "9d29cd266cebf80234c98dd0b87256b6be0af44e",
        "type": "github"
      },
      "original": {
        "owner": "NixOS",
        "ref": "nixos-23.11",
        "repo": "nixpkgs",
        "type": "github"
      }
    },
    "nixpkgs-unstable": {
      "locked": {
        "lastModified": 1766070988,
        "narHash": "sha256-G/WVghka6c4bAzMhTwT2vjLccg/awmHkdKSd2JrycLc=",
        "owner": "NixOS",
        "repo": "nixpkgs",
        "rev": "c6245e83d836d0433170a16eb185cefe0572f8b8",
        "type": "github"
      },
      "original": {
        "owner": "NixOS",
        "ref": "nixos-unstable",
        "repo": "nixpkgs",
        "type": "github"
      }
    },
    "optee-client": {
      "flake": false,
      "locked": {
        "lastModified": 1758713414,
        "narHash": "sha256-+v5UC2TACDDK0KdV9ZjFBkg36oCbGyl9nBTAHbvA4+M=",
        "owner": "OP-TEE",
        "repo": "optee_client",
        "rev": "9d6f69844ff60ec0966cf3659abcc38eda8b31ea",
        "type": "github"
      },
      "original": {
        "owner": "OP-TEE",
        "ref": "4.8.0",
        "repo": "optee_client",
        "type": "github"
      }
    },
    "optee-os": {
      "flake": false,
      "locked": {
        "lastModified": 1761314479,
        "narHash": "sha256-eefwfjSkDMFubKk+tIzTqe7h+v3VYxV6gzpzFxuJsyU=",
        "owner": "OP-TEE",
        "repo": "optee_os",
        "rev": "86660925433a8d4d1b19cfa5fe940081d77b34b4",
        "type": "github"
      },
      "original": {
        "owner": "OP-TEE",
        "ref": "4.8.0",
        "repo": "optee_os",
        "type": "github"
      }
    },
    "pyproject-build-systems": {
      "inputs": {
        "nixpkgs": [
          "nixpkgs"
        ],
        "pyproject-nix": [
          "pyproject-nix"
        ],
        "uv2nix": [
          "uv2nix"
        ]
      },
      "locked": {
        "lastModified": 1763662255,
        "narHash": "sha256-4bocaOyLa3AfiS8KrWjZQYu+IAta05u3gYZzZ6zXbT0=",
        "owner": "pyproject-nix",
        "repo": "build-system-pkgs",
        "rev": "042904167604c681a090c07eb6967b4dd4dae88c",
        "type": "github"
      },
      "original": {
        "owner": "pyproject-nix",
        "repo": "build-system-pkgs",
        "type": "github"
      }
    },
    "pyproject-nix": {
      "inputs": {
        "nixpkgs": [
          "nixpkgs"
        ]
      },
      "locked": {
        "lastModified": 1764134915,
        "narHash": "sha256-xaKvtPx6YAnA3HQVp5LwyYG1MaN4LLehpQI8xEdBvBY=",
        "owner": "pyproject-nix",
        "repo": "pyproject.nix",
        "rev": "2c8df1383b32e5443c921f61224b198a2282a657",
        "type": "github"
      },
      "original": {
        "owner": "pyproject-nix",
        "repo": "pyproject.nix",
        "type": "github"
      }
    },
    "root": {
      "inputs": {
        "disko": "disko",
        "fenix": "fenix",
        "flake-utils": "flake-utils",
        "home-manager": "home-manager",
        "nixpkgs": "nixpkgs",
        "nixpkgs-23_11": "nixpkgs-23_11",
        "nixpkgs-unstable": "nixpkgs-unstable",
        "optee-client": "optee-client",
        "optee-os": "optee-os",
        "pyproject-build-systems": "pyproject-build-systems",
        "pyproject-nix": "pyproject-nix",
        "seekSdk": "seekSdk",
        "uv2nix": "uv2nix"
      }
    },
    "rust-analyzer-src": {
      "flake": false,
      "locked": {
        "lastModified": 1757362324,
        "narHash": "sha256-/PAhxheUq4WBrW5i/JHzcCqK5fGWwLKdH6/Lu1tyS18=",
        "owner": "rust-lang",
        "repo": "rust-analyzer",
        "rev": "9edc9cbe5d8e832b5864e09854fa94861697d2fd",
        "type": "github"
      },
      "original": {
        "owner": "rust-lang",
        "ref": "nightly",
        "repo": "rust-analyzer",
        "type": "github"
      }
    },
    "seekSdk": {
      "flake": false,
      "locked": {
        "lastModified": 1756191916,
        "narHash": "sha256-uGkr3duoHXNHxrpnIqfwp85hP6QoHZsWO7b46msYxXQ=",
        "owner": "worldcoin",
        "repo": "seek-thermal-sdk",
        "rev": "63471a7cdc2cd06e1a317ec31c26b9da8aa8f883",
        "type": "github"
      },
      "original": {
        "owner": "worldcoin",
        "repo": "seek-thermal-sdk",
        "type": "github"
      }
    },
    "systems": {
      "locked": {
        "lastModified": 1681028828,
        "narHash": "sha256-Vy1rq5AaRuLzOxct8nz4T6wlgyUR7zLU309k9mBC768=",
        "owner": "nix-systems",
        "repo": "default",
        "rev": "da67096a3b9bf56a91d16901293e51ba5b49a27e",
        "type": "github"
      },
      "original": {
        "owner": "nix-systems",
        "repo": "default",
        "type": "github"
      }
    },
    "uv2nix": {
      "inputs": {
        "nixpkgs": [
          "nixpkgs"
        ],
        "pyproject-nix": [
          "pyproject-nix"
        ]
      },
      "locked": {
        "lastModified": 1764702535,
        "narHash": "sha256-W0DLyt1Cmlo3ZPYKZA/pM/YwBHvz+/eP8hVk7VVu0F4=",
        "owner": "pyproject-nix",
        "repo": "uv2nix",
        "rev": "9a903e8b107df2228d79f294044214fa453f430c",
        "type": "github"
      },
      "original": {
        "owner": "pyproject-nix",
        "repo": "uv2nix",
        "type": "github"
      }
    }
  },
  "root": "root",
  "version": 7
}
