# NOTE: This file is autogenerated
version = 0

[artifacts.thermal-cam-util]
source = "github"
repo = "worldcoin/orb-software"
tag = "v0.0.4"
artifact = "thermal-cam-util-aarch64"
hash = "sha256-uU0nuZNNPgilLlLX2n2r+sSE7+N6U4DukIj3rOLvzek="

[artifacts.verity-tree-calc]
source = "github"
repo = "worldcoin/orb-software"
tag = "v0.0.4"
artifact = "verity-tree-calc-x86_64"
hash = "sha256-uU0nuZNNPgilLlLX2n2r+sSE7+N6U4DukIj3rOLvzek="

[artifacts.orb-core]
source = "github"
repo = "worldcoin/orb-software"
tag = "latest" 
artifact = "orb-core-artifacts.tar.gz"
hash = "sha256-uU0nuZNNPgilLlLX2n2r+sSE7+N6U4DukIj3rOLvzek="

[artifacts.orb-internal]
source = "github"
repo = "worldcoin/orb-internal"
tag = "v0.0.3"
artifact = "orb-internal-artifacts.tar.gz"
hash = "sha256-uU0nuZNNPgilLlLX2n2r+sSE7+N6U4DukIj3rOLvzek="

